PODS:
  - Firebase/CoreOnly (6.12.0):
    - FirebaseCore (= 6.3.3)
  - Firebase/RemoteConfig (6.12.0):
    - Firebase/CoreOnly
    - FirebaseRemoteConfig (~> 4.4.4)
  - firebase_remote_config (0.0.1):
    - Firebase/RemoteConfig
    - Flutter
  - FirebaseABTesting (3.1.2):
    - FirebaseAnalyticsInterop (~> 1.3)
    - FirebaseCore (~> 6.1)
    - Protobuf (>= 3.9.2, ~> 3.9)
  - FirebaseAnalyticsInterop (1.4.0)
  - FirebaseCore (6.3.3):
    - FirebaseCoreDiagnostics (~> 1.0)
    - FirebaseCoreDiagnosticsInterop (~> 1.0)
    - GoogleUtilities/Environment (~> 6.2)
    - GoogleUtilities/Logger (~> 6.2)
  - FirebaseCoreDiagnostics (1.1.1):
    - FirebaseCoreDiagnosticsInterop (~> 1.0)
    - GoogleDataTransportCCTSupport (~> 1.0)
    - GoogleUtilities/Environment (~> 6.2)
    - GoogleUtilities/Logger (~> 6.2)
    - nanopb (~> 0.3.901)
  - FirebaseCoreDiagnosticsInterop (1.1.0)
  - FirebaseInstanceID (4.2.7):
    - FirebaseCore (~> 6.0)
    - GoogleUtilities/Environment (~> 6.0)
    - GoogleUtilities/UserDefaults (~> 6.0)
  - FirebaseRemoteConfig (4.4.5):
    - FirebaseABTesting (~> 3.1)
    - FirebaseAnalyticsInterop (~> 1.4)
    - FirebaseCore (~> 6.2)
    - FirebaseInstanceID (~> 4.2)
    - GoogleUtilities/Environment (~> 6.2)
    - "GoogleUtilities/NSData+zlib (~> 6.2)"
    - Protobuf (>= 3.9.2, ~> 3.9)
  - Flutter (1.0.0)
  - flutter_barcode_scanner (0.1.7):
    - Flutter
  - FMDB (2.7.5):
    - FMDB/standard (= 2.7.5)
  - FMDB/standard (2.7.5)
  - GoogleDataTransport (3.0.1)
  - GoogleDataTransportCCTSupport (1.2.1):
    - GoogleDataTransport (~> 3.0)
    - nanopb (~> 0.3.901)
  - GoogleUtilities/Environment (6.3.1)
  - GoogleUtilities/Logger (6.3.1):
    - GoogleUtilities/Environment
  - "GoogleUtilities/NSData+zlib (6.3.1)"
  - GoogleUtilities/UserDefaults (6.3.1):
    - GoogleUtilities/Logger
  - nanopb (0.3.9011):
    - nanopb/decode (= 0.3.9011)
    - nanopb/encode (= 0.3.9011)
  - nanopb/decode (0.3.9011)
  - nanopb/encode (0.3.9011)
  - package_info (0.0.1):
    - Flutter
  - Protobuf (3.10.0)
  - shared_preferences (0.0.1):
    - Flutter
  - sqflite (0.0.1):
    - Flutter
    - FMDB (~> 2.7.2)
  - square_in_app_payments (1.2.0):
    - Flutter
    - SquareInAppPaymentsSDK (= 1.2.0)
  - SquareInAppPaymentsSDK (1.2.0)

DEPENDENCIES:
  - firebase_remote_config (from `.symlinks/plugins/firebase_remote_config/ios`)
  - Flutter (from `Flutter`)
  - flutter_barcode_scanner (from `.symlinks/plugins/flutter_barcode_scanner/ios`)
  - package_info (from `.symlinks/plugins/package_info/ios`)
  - shared_preferences (from `.symlinks/plugins/shared_preferences/ios`)
  - sqflite (from `.symlinks/plugins/sqflite/ios`)
  - square_in_app_payments (from `.symlinks/plugins/square_in_app_payments/ios`)

SPEC REPOS:
  trunk:
    - Firebase
    - FirebaseABTesting
    - FirebaseAnalyticsInterop
    - FirebaseCore
    - FirebaseCoreDiagnostics
    - FirebaseCoreDiagnosticsInterop
    - FirebaseInstanceID
    - FirebaseRemoteConfig
    - FMDB
    - GoogleDataTransport
    - GoogleDataTransportCCTSupport
    - GoogleUtilities
    - nanopb
    - Protobuf
    - SquareInAppPaymentsSDK

EXTERNAL SOURCES:
  firebase_remote_config:
    :path: ".symlinks/plugins/firebase_remote_config/ios"
  Flutter:
    :path: Flutter
  flutter_barcode_scanner:
    :path: ".symlinks/plugins/flutter_barcode_scanner/ios"
  package_info:
    :path: ".symlinks/plugins/package_info/ios"
  shared_preferences:
    :path: ".symlinks/plugins/shared_preferences/ios"
  sqflite:
    :path: ".symlinks/plugins/sqflite/ios"
  square_in_app_payments:
    :path: ".symlinks/plugins/square_in_app_payments/ios"

SPEC CHECKSUMS:
  Firebase: da031bc7012374e3bed17a6731b89327b29863b9
  firebase_remote_config: aca16c8db963bba3c789d89cd0f69fc64d888118
  FirebaseABTesting: 0d10f3cdc3fa00f3f175b5b56c1003c8e888299f
  FirebaseAnalyticsInterop: d48b6ab67bcf016a05e55b71fc39c61c0cb6b7f3
  FirebaseCore: bcd6c112429249d7921e907d661e8955a3549e26
  FirebaseCoreDiagnostics: af29e43048607588c050889d19204f4d7b758c9f
  FirebaseCoreDiagnosticsInterop: e9b1b023157e3a2fc6418b5cb601e79b9af7b3a0
  FirebaseInstanceID: ebd2ea79ee38db0cb5f5167b17a0d387e1cc7b6e
  FirebaseRemoteConfig: 6ad68503c04701b8d9d709240711bc0bf6edaf94
  Flutter: 0e3d915762c693b495b44d77113d4970485de6ec
  flutter_barcode_scanner: c7d23c65b4866f5eaaa1cce1da8d2d1669b57800
  FMDB: 2ce00b547f966261cd18927a3ddb07cb6f3db82a
  GoogleDataTransport: 166f9b9f82cbf60a204e8fe2daa9db3e3ec1fb15
  GoogleDataTransportCCTSupport: f6ab1962e9dc05ab1fb938b795e5b310209edeec
  GoogleUtilities: f895fde57977df4e0233edda0dbeac490e3703b6
  nanopb: 18003b5e52dab79db540fe93fe9579f399bd1ccd
  package_info: 48b108e75b8802c2d5e126f208ef540561c98aef
  Protobuf: a4dc852ad69c027ca2166ed287b856697814375b
  shared_preferences: 430726339841afefe5142b9c1f50cb6bd7793e01
  sqflite: 4001a31ff81d210346b500c55b17f4d6c7589dd0
  square_in_app_payments: 5147612bdab7ae2861e4281853ea0b1fc50823bb
  SquareInAppPaymentsSDK: 4cd8143cfb21f2050cc6252596a1b8c910ad2fb9

PODFILE CHECKSUM: 1b66dae606f75376c5f2135a8290850eeb09ae83

COCOAPODS: 1.8.4
